// !$*UTF8*$!
{
	archiveVersion = 1;
	classes = {
	};
	objectVersion = 46;
	objects = {

/* Begin PBXBuildFile section */
		085EC90719F984C400FA0A6B /* AppDelegate.swift in Sources */ = {isa = PBXBuildFile; fileRef = 085EC90619F984C400FA0A6B /* AppDelegate.swift */; };
		085EC90A19F984C400FA0A6B /* Get_the_Weather.xcdatamodeld in Sources */ = {isa = PBXBuildFile; fileRef = 085EC90819F984C400FA0A6B /* Get_the_Weather.xcdatamodeld */; };
		085EC90C19F984C400FA0A6B /* ViewController.swift in Sources */ = {isa = PBXBuildFile; fileRef = 085EC90B19F984C400FA0A6B /* ViewController.swift */; };
		085EC90F19F984C400FA0A6B /* Main.storyboard in Resources */ = {isa = PBXBuildFile; fileRef = 085EC90D19F984C400FA0A6B /* Main.storyboard */; };
		085EC91119F984C400FA0A6B /* Images.xcassets in Resources */ = {isa = PBXBuildFile; fileRef = 085EC91019F984C400FA0A6B /* Images.xcassets */; };
		085EC91D19F984C400FA0A6B /* Get_the_WeatherTests.swift in Sources */ = {isa = PBXBuildFile; fileRef = 085EC91C19F984C400FA0A6B /* Get_the_WeatherTests.swift */; };
/* End PBXBuildFile section */

/* Begin PBXContainerItemProxy section */
		085EC91719F984C400FA0A6B /* PBXContainerItemProxy */ = {
			isa = PBXContainerItemProxy;
			containerPortal = 085EC8F919F984C400FA0A6B /* Project object */;
			proxyType = 1;
			remoteGlobalIDString = 085EC90019F984C400FA0A6B;
			remoteInfo = "Get the Weather";
		};
/* End PBXContainerItemProxy section */

/* Begin PBXFileReference section */
		085EC90119F984C400FA0A6B /* Get the Weather.app */ = {isa = PBXFileReference; explicitFileType = wrapper.application; includeInIndex = 0; path = "Get the Weather.app"; sourceTree = BUILT_PRODUCTS_DIR; };
		085EC90519F984C400FA0A6B /* Info.plist */ = {isa = PBXFileReference; lastKnownFileType = text.plist.xml; path = Info.plist; sourceTree = "<group>"; };
		085EC90619F984C400FA0A6B /* AppDelegate.swift */ = {isa = PBXFileReference; lastKnownFileType = sourcecode.swift; path = AppDelegate.swift; sourceTree = "<group>"; };
		085EC90919F984C400FA0A6B /* Get_the_Weather.xcdatamodel */ = {isa = PBXFileReference; lastKnownFileType = wrapper.xcdatamodel; path = Get_the_Weather.xcdatamodel; sourceTree = "<group>"; };
		085EC90B19F984C400FA0A6B /* ViewController.swift */ = {isa = PBXFileReference; lastKnownFileType = sourcecode.swift; path = ViewController.swift; sourceTree = "<group>"; };
		085EC90E19F984C400FA0A6B /* Base */ = {isa = PBXFileReference; lastKnownFileType = file.storyboard; name = Base; path = Base.lproj/Main.storyboard; sourceTree = "<group>"; };
		085EC91019F984C400FA0A6B /* Images.xcassets */ = {isa = PBXFileReference; lastKnownFileType = folder.assetcatalog; path = Images.xcassets; sourceTree = "<group>"; };
		085EC91619F984C400FA0A6B /* Get the WeatherTests.xctest */ = {isa = PBXFileReference; explicitFileType = wrapper.cfbundle; includeInIndex = 0; path = "Get the WeatherTests.xctest"; sourceTree = BUILT_PRODUCTS_DIR; };
		085EC91B19F984C400FA0A6B /* Info.plist */ = {isa = PBXFileReference; lastKnownFileType = text.plist.xml; path = Info.plist; sourceTree = "<group>"; };
		085EC91C19F984C400FA0A6B /* Get_the_WeatherTests.swift */ = {isa = PBXFileReference; lastKnownFileType = sourcecode.swift; path = Get_the_WeatherTests.swift; sourceTree = "<group>"; };
/* End PBXFileReference section */

/* Begin PBXFrameworksBuildPhase section */
		085EC8FE19F984C400FA0A6B /* Frameworks */ = {
			isa = PBXFrameworksBuildPhase;
			buildActionMask = 2147483647;
			files = (
			);
			runOnlyForDeploymentPostprocessing = 0;
		};
		085EC91319F984C400FA0A6B /* Frameworks */ = {
			isa = PBXFrameworksBuildPhase;
			buildActionMask = 2147483647;
			files = (
			);
			runOnlyForDeploymentPostprocessing = 0;
		};
/* End PBXFrameworksBuildPhase section */

/* Begin PBXGroup section */
		085EC8F819F984C400FA0A6B = {
			isa = PBXGroup;
			children = (
				085EC90319F984C400FA0A6B /* Get the Weather */,
				085EC91919F984C400FA0A6B /* Get the WeatherTests */,
				085EC90219F984C400FA0A6B /* Products */,
			);
			sourceTree = "<group>";
		};
		085EC90219F984C400FA0A6B /* Products */ = {
			isa = PBXGroup;
			children = (
				085EC90119F984C400FA0A6B /* Get the Weather.app */,
				085EC91619F984C400FA0A6B /* Get the WeatherTests.xctest */,
			);
			name = Products;
			sourceTree = "<group>";
		};
		085EC90319F984C400FA0A6B /* Get the Weather */ = {
			isa = PBXGroup;
			children = (
				085EC90619F984C400FA0A6B /* AppDelegate.swift */,
				085EC90B19F984C400FA0A6B /* ViewController.swift */,
				085EC90D19F984C400FA0A6B /* Main.storyboard */,
				085EC91019F984C400FA0A6B /* Images.xcassets */,
				085EC90819F984C400FA0A6B /* Get_the_Weather.xcdatamodeld */,
				085EC90419F984C400FA0A6B /* Supporting Files */,
			);
			path = "Get the Weather";
			sourceTree = "<group>";
		};
		085EC90419F984C400FA0A6B /* Supporting Files */ = {
			isa = PBXGroup;
			children = (
				085EC90519F984C400FA0A6B /* Info.plist */,
			);
			name = "Supporting Files";
			sourceTree = "<group>";
		};
		085EC91919F984C400FA0A6B /* Get the WeatherTests */ = {
			isa = PBXGroup;
			children = (
				085EC91C19F984C400FA0A6B /* Get_the_WeatherTests.swift */,
				085EC91A19F984C400FA0A6B /* Supporting Files */,
			);
			path = "Get the WeatherTests";
			sourceTree = "<group>";
		};
		085EC91A19F984C400FA0A6B /* Supporting Files */ = {
			isa = PBXGroup;
			children = (
				085EC91B19F984C400FA0A6B /* Info.plist */,
			);
			name = "Supporting Files";
			sourceTree = "<group>";
		};
/* End PBXGroup section */

/* Begin PBXNativeTarget section */
		085EC90019F984C400FA0A6B /* Get the Weather */ = {
			isa = PBXNativeTarget;
			buildConfigurationList = 085EC92019F984C400FA0A6B /* Build configuration list for PBXNativeTarget "Get the Weather" */;
			buildPhases = (
				085EC8FD19F984C400FA0A6B /* Sources */,
				085EC8FE19F984C400FA0A6B /* Frameworks */,
				085EC8FF19F984C400FA0A6B /* Resources */,
			);
			buildRules = (
			);
			dependencies = (
			);
			name = "Get the Weather";
			productName = "Get the Weather";
			productReference = 085EC90119F984C400FA0A6B /* Get the Weather.app */;
			productType = "com.apple.product-type.application";
		};
		085EC91519F984C400FA0A6B /* Get the WeatherTests */ = {
			isa = PBXNativeTarget;
			buildConfigurationList = 085EC92319F984C400FA0A6B /* Build configuration list for PBXNativeTarget "Get the WeatherTests" */;
			buildPhases = (
				085EC91219F984C400FA0A6B /* Sources */,
				085EC91319F984C400FA0A6B /* Frameworks */,
				085EC91419F984C400FA0A6B /* Resources */,
			);
			buildRules = (
			);
			dependencies = (
				085EC91819F984C400FA0A6B /* PBXTargetDependency */,
			);
			name = "Get the WeatherTests";
			productName = "Get the WeatherTests";
			productReference = 085EC91619F984C400FA0A6B /* Get the WeatherTests.xctest */;
			productType = "com.apple.product-type.bundle.unit-test";
		};
/* End PBXNativeTarget section */

/* Begin PBXProject section */
		085EC8F919F984C400FA0A6B /* Project object */ = {
			isa = PBXProject;
			attributes = {
				LastUpgradeCheck = 0600;
				ORGANIZATIONNAME = "Mat Sletten";
				TargetAttributes = {
					085EC90019F984C400FA0A6B = {
						CreatedOnToolsVersion = 6.0;
					};
					085EC91519F984C400FA0A6B = {
						CreatedOnToolsVersion = 6.0;
						TestTargetID = 085EC90019F984C400FA0A6B;
					};
				};
			};
			buildConfigurationList = 085EC8FC19F984C400FA0A6B /* Build configuration list for PBXProject "Get the Weather" */;
			compatibilityVersion = "Xcode 3.2";
			developmentRegion = English;
			hasScannedForEncodings = 0;
			knownRegions = (
				en,
				Base,
			);
			mainGroup = 085EC8F819F984C400FA0A6B;
			productRefGroup = 085EC90219F984C400FA0A6B /* Products */;
			projectDirPath = "";
			projectRoot = "";
			targets = (
				085EC90019F984C400FA0A6B /* Get the Weather */,
				085EC91519F984C400FA0A6B /* Get the WeatherTests */,
			);
		};
/* End PBXProject section */

/* Begin PBXResourcesBuildPhase section */
		085EC8FF19F984C400FA0A6B /* Resources */ = {
			isa = PBXResourcesBuildPhase;
			buildActionMask = 2147483647;
			files = (
				085EC90F19F984C400FA0A6B /* Main.storyboard in Resources */,
				085EC91119F984C400FA0A6B /* Images.xcassets in Resources */,
			);
			runOnlyForDeploymentPostprocessing = 0;
		};
		085EC91419F984C400FA0A6B /* Resources */ = {
			isa = PBXResourcesBuildPhase;
			buildActionMask = 2147483647;
			files = (
			);
			runOnlyForDeploymentPostprocessing = 0;
		};
/* End PBXResourcesBuildPhase section */

/* Begin PBXSourcesBuildPhase section */
		085EC8FD19F984C400FA0A6B /* Sources */ = {
			isa = PBXSourcesBuildPhase;
			buildActionMask = 2147483647;
			files = (
				085EC90C19F984C400FA0A6B /* ViewController.swift in Sources */,
				085EC90719F984C400FA0A6B /* AppDelegate.swift in Sources */,
				085EC90A19F984C400FA0A6B /* Get_the_Weather.xcdatamodeld in Sources */,
			);
			runOnlyForDeploymentPostprocessing = 0;
		};
		085EC91219F984C400FA0A6B /* Sources */ = {
			isa = PBXSourcesBuildPhase;
			buildActionMask = 2147483647;
			files = (
				085EC91D19F984C400FA0A6B /* Get_the_WeatherTests.swift in Sources */,
			);
			runOnlyForDeploymentPostprocessing = 0;
		};
/* End PBXSourcesBuildPhase section */

/* Begin PBXTargetDependency section */
		085EC91819F984C400FA0A6B /* PBXTargetDependency */ = {
			isa = PBXTargetDependency;
			target = 085EC90019F984C400FA0A6B /* Get the Weather */;
			targetProxy = 085EC91719F984C400FA0A6B /* PBXContainerItemProxy */;
		};
/* End PBXTargetDependency section */

/* Begin PBXVariantGroup section */
		085EC90D19F984C400FA0A6B /* Main.storyboard */ = {
			isa = PBXVariantGroup;
			children = (
				085EC90E19F984C400FA0A6B /* Base */,
			);
			name = Main.storyboard;
			sourceTree = "<group>";
		};
/* End PBXVariantGroup section */

/* Begin XCBuildConfiguration section */
		085EC91E19F984C400FA0A6B /* Debug */ = {
			isa = XCBuildConfiguration;
			buildSettings = {
				ALWAYS_SEARCH_USER_PATHS = NO;
				CLANG_CXX_LANGUAGE_STANDARD = "gnu++0x";
				CLANG_CXX_LIBRARY = "libc++";
				CLANG_ENABLE_MODULES = YES;
				CLANG_ENABLE_OBJC_ARC = YES;
				CLANG_WARN_BOOL_CONVERSION = YES;
				CLANG_WARN_CONSTANT_CONVERSION = YES;
				CLANG_WARN_DIRECT_OBJC_ISA_USAGE = YES_ERROR;
				CLANG_WARN_EMPTY_BODY = YES;
				CLANG_WARN_ENUM_CONVERSION = YES;
				CLANG_WARN_INT_CONVERSION = YES;
				CLANG_WARN_OBJC_ROOT_CLASS = YES_ERROR;
				CLANG_WARN_UNREACHABLE_CODE = YES;
				CLANG_WARN__DUPLICATE_METHOD_MATCH = YES;
				"CODE_SIGN_IDENTITY[sdk=iphoneos*]" = "iPhone Developer";
				COPY_PHASE_STRIP = NO;
				ENABLE_STRICT_OBJC_MSGSEND = YES;
				GCC_C_LANGUAGE_STANDARD = gnu99;
				GCC_DYNAMIC_NO_PIC = NO;
				GCC_OPTIMIZATION_LEVEL = 0;
				GCC_PREPROCESSOR_DEFINITIONS = (
					"DEBUG=1",
					"$(inherited)",
				);
				GCC_SYMBOLS_PRIVATE_EXTERN = NO;
				GCC_WARN_64_TO_32_BIT_CONVERSION = YES;
				GCC_WARN_ABOUT_RETURN_TYPE = YES_ERROR;
				GCC_WARN_UNDECLARED_SELECTOR = YES;
				GCC_WARN_UNINITIALIZED_AUTOS = YES_AGGRESSIVE;
				GCC_WARN_UNUSED_FUNCTION = YES;
				GCC_WARN_UNUSED_VARIABLE = YES;
				IPHONEOS_DEPLOYMENT_TARGET = 8.0;
				MTL_ENABLE_DEBUG_INFO = YES;
				ONLY_ACTIVE_ARCH = YES;
				SDKROOT = iphoneos;
				SWIFT_OPTIMIZATION_LEVEL = "-Onone";
			};
			name = Debug;
		};
		085EC91F19F984C400FA0A6B /* Release */ = {
			isa = XCBuildConfiguration;
			buildSettings = {
				ALWAYS_SEARCH_USER_PATHS = NO;
				CLANG_CXX_LANGUAGE_STANDARD = "gnu++0x";
				CLANG_CXX_LIBRARY = "libc++";
				CLANG_ENABLE_MODULES = YES;
				CLANG_ENABLE_OBJC_ARC = YES;
				CLANG_WARN_BOOL_CONVERSION = YES;
				CLANG_WARN_CONSTANT_CONVERSION = YES;
				CLANG_WARN_DIRECT_OBJC_ISA_USAGE = YES_ERROR;
				CLANG_WARN_EMPTY_BODY = YES;
				CLANG_WARN_ENUM_CONVERSION = YES;
				CLANG_WARN_INT_CONVERSION = YES;
				CLANG_WARN_OBJC_ROOT_CLASS = YES_ERROR;
				CLANG_WARN_UNREACHABLE_CODE = YES;
				CLANG_WARN__DUPLICATE_METHOD_MATCH = YES;
				"CODE_SIGN_IDENTITY[sdk=iphoneos*]" = "iPhone Developer";
				COPY_PHASE_STRIP = YES;
				ENABLE_NS_ASSERTIONS = NO;
				ENABLE_STRICT_OBJC_MSGSEND = YES;
				GCC_C_LANGUAGE_STANDARD = gnu99;
				GCC_WARN_64_TO_32_BIT_CONVERSION = YES;
				GCC_WARN_ABOUT_RETURN_TYPE = YES_ERROR;
				GCC_WARN_UNDECLARED_SELECTOR = YES;
				GCC_WARN_UNINITIALIZED_AUTOS = YES_AGGRESSIVE;
				GCC_WARN_UNUSED_FUNCTION = YES;
				GCC_WARN_UNUSED_VARIABLE = YES;
				IPHONEOS_DEPLOYMENT_TARGET = 8.0;
				MTL_ENABLE_DEBUG_INFO = NO;
				SDKROOT = iphoneos;
				VALIDATE_PRODUCT = YES;
			};
			name = Release;
		};
		085EC92119F984C400FA0A6B /* Debug */ = {
			isa = XCBuildConfiguration;
			buildSettings = {
				ASSETCATALOG_COMPILER_APPICON_NAME = AppIcon;
				ASSETCATALOG_COMPILER_LAUNCHIMAGE_NAME = LaunchImage;
				INFOPLIST_FILE = "Get the Weather/Info.plist";
				LD_RUNPATH_SEARCH_PATHS = "$(inherited) @executable_path/Frameworks";
				PRODUCT_NAME = "$(TARGET_NAME)";
			};
			name = Debug;
		};
		085EC92219F984C400FA0A6B /* Release */ = {
			isa = XCBuildConfiguration;
			buildSettings = {
				ASSETCATALOG_COMPILER_APPICON_NAME = AppIcon;
				ASSETCATALOG_COMPILER_LAUNCHIMAGE_NAME = LaunchImage;
				INFOPLIST_FILE = "Get the Weather/Info.plist";
				LD_RUNPATH_SEARCH_PATHS = "$(inherited) @executable_path/Frameworks";
				PRODUCT_NAME = "$(TARGET_NAME)";
			};
			name = Release;
		};
		085EC92419F984C400FA0A6B /* Debug */ = {
			isa = XCBuildConfiguration;
			buildSettings = {
				BUNDLE_LOADER = "$(TEST_HOST)";
				FRAMEWORK_SEARCH_PATHS = (
					"$(SDKROOT)/Developer/Library/Frameworks",
					"$(inherited)",
				);
				GCC_PREPROCESSOR_DEFINITIONS = (
					"DEBUG=1",
					"$(inherited)",
				);
				INFOPLIST_FILE = "Get the WeatherTests/Info.plist";
				LD_RUNPATH_SEARCH_PATHS = "$(inherited) @executable_path/Frameworks @loader_path/Frameworks";
				PRODUCT_NAME = "$(TARGET_NAME)";
				TEST_HOST = "$(BUILT_PRODUCTS_DIR)/Get the Weather.app/Get the Weather";
			};
			name = Debug;
		};
		085EC92519F984C400FA0A6B /* Release */ = {
			isa = XCBuildConfiguration;
			buildSettings = {
				BUNDLE_LOADER = "$(TEST_HOST)";
				FRAMEWORK_SEARCH_PATHS = (
					"$(SDKROOT)/Developer/Library/Frameworks",
					"$(inherited)",
				);
				INFOPLIST_FILE = "Get the WeatherTests/Info.plist";
				LD_RUNPATH_SEARCH_PATHS = "$(inherited) @executable_path/Frameworks @loader_path/Frameworks";
				PRODUCT_NAME = "$(TARGET_NAME)";
				TEST_HOST = "$(BUILT_PRODUCTS_DIR)/Get the Weather.app/Get the Weather";
			};
			name = Release;
		};
/* End XCBuildConfiguration section */

/* Begin XCConfigurationList section */
		085EC8FC19F984C400FA0A6B /* Build configuration list for PBXProject "Get the Weather" */ = {
			isa = XCConfigurationList;
			buildConfigurations = (
				085EC91E19F984C400FA0A6B /* Debug */,
				085EC91F19F984C400FA0A6B /* Release */,
			);
			defaultConfigurationIsVisible = 0;
			defaultConfigurationName = Release;
		};
		085EC92019F984C400FA0A6B /* Build configuration list for PBXNativeTarget "Get the Weather" */ = {
			isa = XCConfigurationList;
			buildConfigurations = (
				085EC92119F984C400FA0A6B /* Debug */,
				085EC92219F984C400FA0A6B /* Release */,
			);
			defaultConfigurationIsVisible = 0;
		};
		085EC92319F984C400FA0A6B /* Build configuration list for PBXNativeTarget "Get the WeatherTests" */ = {
			isa = XCConfigurationList;
			buildConfigurations = (
				085EC92419F984C400FA0A6B /* Debug */,
				085EC92519F984C400FA0A6B /* Release */,
			);
			defaultConfigurationIsVisible = 0;
		};
/* End XCConfigurationList section */

/* Begin XCVersionGroup section */
		085EC90819F984C400FA0A6B /* Get_the_Weather.xcdatamodeld */ = {
			isa = XCVersionGroup;
			children = (
				085EC90919F984C400FA0A6B /* Get_the_Weather.xcdatamodel */,
			);
			currentVersion = 085EC90919F984C400FA0A6B /* Get_the_Weather.xcdatamodel */;
			path = Get_the_Weather.xcdatamodeld;
			sourceTree = "<group>";
			versionGroupType = wrapper.xcdatamodel;
		};
/* End XCVersionGroup section */
	};
	rootObject = 085EC8F919F984C400FA0A6B /* Project object */;
}
